
Microsoft Visual Studio Solution File, Format Version 12.00
# Visual Studio Version 16
VisualStudioVersion = 16.0.31729.503
MinimumVisualStudioVersion = 10.0.40219.1
Project("{9A19103F-16F7-4668-BE54-9A1E7A4F7556}") = "ToyRobot", "ToyRobot\ToyRobot.csproj", "{390435D7-8C1E-4804-B220-1FFE7B4EE2D2}"
EndProject
Project("{FAE04EC0-301F-11D3-BF4B-00C04F79EFBC}") = "ToyRobotUnitTest", "ToyRobotUnitTest\ToyRobotUnitTest.csproj", "{93C6CE7A-B6E7-48B5-BA64-E69C43E7D42F}"
EndProject
Global
	GlobalSection(SolutionConfigurationPlatforms) = preSolution
		Debug|Any CPU = Debug|Any CPU
		Release|Any CPU = Release|Any CPU
	EndGlobalSection
	GlobalSection(ProjectConfigurationPlatforms) = postSolution
		{390435D7-8C1E-4804-B220-1FFE7B4EE2D2}.Debug|Any CPU.ActiveCfg = Debug|Any CPU
		{390435D7-8C1E-4804-B220-1FFE7B4EE2D2}.Debug|Any CPU.Build.0 = Debug|Any CPU
		{390435D7-8C1E-4804-B220-1FFE7B4EE2D2}.Release|Any CPU.ActiveCfg = Release|Any CPU
		{390435D7-8C1E-4804-B220-1FFE7B4EE2D2}.Release|Any CPU.Build.0 = Release|Any CPU
		{93C6CE7A-B6E7-48B5-BA64-E69C43E7D42F}.Debug|Any CPU.ActiveCfg = Debug|Any CPU
		{93C6CE7A-B6E7-48B5-BA64-E69C43E7D42F}.Debug|Any CPU.Build.0 = Debug|Any CPU
		{93C6CE7A-B6E7-48B5-BA64-E69C43E7D42F}.Release|Any CPU.ActiveCfg = Release|Any CPU
		{93C6CE7A-B6E7-48B5-BA64-E69C43E7D42F}.Release|Any CPU.Build.0 = Release|Any CPU
	EndGlobalSection
	GlobalSection(SolutionProperties) = preSolution
		HideSolutionNode = FALSE
	EndGlobalSection
	GlobalSection(ExtensibilityGlobals) = postSolution
		SolutionGuid = {1D5AC804-4D50-4ECC-8991-DF0CFAA180F3}
	EndGlobalSection
EndGlobal
